// !$*UTF8*$!
{
	archiveVersion = 1;
	classes = {
	};
	objectVersion = 46;
	objects = {

/* Begin PBXBuildFile section */
		4C67F3C71A990231002AD90A /* main.m in Sources */ = {isa = PBXBuildFile; fileRef = 4C67F3C61A990231002AD90A /* main.m */; };
		4C67F3CA1A990231002AD90A /* AppDelegate.m in Sources */ = {isa = PBXBuildFile; fileRef = 4C67F3C91A990231002AD90A /* AppDelegate.m */; };
		4C67F3CD1A990231002AD90A /* ViewController.m in Sources */ = {isa = PBXBuildFile; fileRef = 4C67F3CC1A990231002AD90A /* ViewController.m */; };
		4C67F3D01A990231002AD90A /* Main.storyboard in Resources */ = {isa = PBXBuildFile; fileRef = 4C67F3CE1A990231002AD90A /* Main.storyboard */; };
		4C67F3D21A990231002AD90A /* Images.xcassets in Resources */ = {isa = PBXBuildFile; fileRef = 4C67F3D11A990231002AD90A /* Images.xcassets */; };
		4C67F3D51A990231002AD90A /* LaunchScreen.xib in Resources */ = {isa = PBXBuildFile; fileRef = 4C67F3D31A990231002AD90A /* LaunchScreen.xib */; };
		4C67F3E11A990231002AD90A /* CCHTTPRequestTests.m in Sources */ = {isa = PBXBuildFile; fileRef = 4C67F3E01A990231002AD90A /* CCHTTPRequestTests.m */; };
		4C67F3ED1A990664002AD90A /* CCHTTPRequest.m in Sources */ = {isa = PBXBuildFile; fileRef = 4C67F3EC1A990664002AD90A /* CCHTTPRequest.m */; };
/* End PBXBuildFile section */

/* Begin PBXContainerItemProxy section */
		4C67F3DB1A990231002AD90A /* PBXContainerItemProxy */ = {
			isa = PBXContainerItemProxy;
			containerPortal = 4C67F3B91A990231002AD90A /* Project object */;
			proxyType = 1;
			remoteGlobalIDString = 4C67F3C01A990231002AD90A;
			remoteInfo = CCHTTPRequest;
		};
/* End PBXContainerItemProxy section */

/* Begin PBXFileReference section */
		4C67F3C11A990231002AD90A /* CCHTTPRequest.app */ = {isa = PBXFileReference; explicitFileType = wrapper.application; includeInIndex = 0; path = CCHTTPRequest.app; sourceTree = BUILT_PRODUCTS_DIR; };
		4C67F3C51A990231002AD90A /* Info.plist */ = {isa = PBXFileReference; lastKnownFileType = text.plist.xml; path = Info.plist; sourceTree = "<group>"; };
		4C67F3C61A990231002AD90A /* main.m */ = {isa = PBXFileReference; lastKnownFileType = sourcecode.c.objc; path = main.m; sourceTree = "<group>"; };
		4C67F3C81A990231002AD90A /* AppDelegate.h */ = {isa = PBXFileReference; lastKnownFileType = sourcecode.c.h; path = AppDelegate.h; sourceTree = "<group>"; };
		4C67F3C91A990231002AD90A /* AppDelegate.m */ = {isa = PBXFileReference; lastKnownFileType = sourcecode.c.objc; path = AppDelegate.m; sourceTree = "<group>"; };
		4C67F3CB1A990231002AD90A /* ViewController.h */ = {isa = PBXFileReference; lastKnownFileType = sourcecode.c.h; path = ViewController.h; sourceTree = "<group>"; };
		4C67F3CC1A990231002AD90A /* ViewController.m */ = {isa = PBXFileReference; lastKnownFileType = sourcecode.c.objc; path = ViewController.m; sourceTree = "<group>"; };
		4C67F3CF1A990231002AD90A /* Base */ = {isa = PBXFileReference; lastKnownFileType = file.storyboard; name = Base; path = Base.lproj/Main.storyboard; sourceTree = "<group>"; };
		4C67F3D11A990231002AD90A /* Images.xcassets */ = {isa = PBXFileReference; lastKnownFileType = folder.assetcatalog; path = Images.xcassets; sourceTree = "<group>"; };
		4C67F3D41A990231002AD90A /* Base */ = {isa = PBXFileReference; lastKnownFileType = file.xib; name = Base; path = Base.lproj/LaunchScreen.xib; sourceTree = "<group>"; };
		4C67F3DA1A990231002AD90A /* CCHTTPRequestTests.xctest */ = {isa = PBXFileReference; explicitFileType = wrapper.cfbundle; includeInIndex = 0; path = CCHTTPRequestTests.xctest; sourceTree = BUILT_PRODUCTS_DIR; };
		4C67F3DF1A990231002AD90A /* Info.plist */ = {isa = PBXFileReference; lastKnownFileType = text.plist.xml; path = Info.plist; sourceTree = "<group>"; };
		4C67F3E01A990231002AD90A /* CCHTTPRequestTests.m */ = {isa = PBXFileReference; lastKnownFileType = sourcecode.c.objc; path = CCHTTPRequestTests.m; sourceTree = "<group>"; };
		4C67F3EB1A990664002AD90A /* CCHTTPRequest.h */ = {isa = PBXFileReference; fileEncoding = 4; lastKnownFileType = sourcecode.c.h; path = CCHTTPRequest.h; sourceTree = "<group>"; };
		4C67F3EC1A990664002AD90A /* CCHTTPRequest.m */ = {isa = PBXFileReference; fileEncoding = 4; lastKnownFileType = sourcecode.c.objc; path = CCHTTPRequest.m; sourceTree = "<group>"; };
/* End PBXFileReference section */

/* Begin PBXFrameworksBuildPhase section */
		4C67F3BE1A990231002AD90A /* Frameworks */ = {
			isa = PBXFrameworksBuildPhase;
			buildActionMask = 2147483647;
			files = (
			);
			runOnlyForDeploymentPostprocessing = 0;
		};
		4C67F3D71A990231002AD90A /* Frameworks */ = {
			isa = PBXFrameworksBuildPhase;
			buildActionMask = 2147483647;
			files = (
			);
			runOnlyForDeploymentPostprocessing = 0;
		};
/* End PBXFrameworksBuildPhase section */

/* Begin PBXGroup section */
		22B048B064BAD582FB208DEF /* Frameworks */ = {
			isa = PBXGroup;
			children = (
			);
			name = Frameworks;
			sourceTree = "<group>";
		};
		4C67F3B81A990231002AD90A = {
			isa = PBXGroup;
			children = (
				4C67F3C31A990231002AD90A /* CCHTTPRequest */,
				4C67F3DD1A990231002AD90A /* CCHTTPRequestTests */,
				4C67F3C21A990231002AD90A /* Products */,
				22B048B064BAD582FB208DEF /* Frameworks */,
			);
			sourceTree = "<group>";
		};
		4C67F3C21A990231002AD90A /* Products */ = {
			isa = PBXGroup;
			children = (
				4C67F3C11A990231002AD90A /* CCHTTPRequest.app */,
				4C67F3DA1A990231002AD90A /* CCHTTPRequestTests.xctest */,
			);
			name = Products;
			sourceTree = "<group>";
		};
		4C67F3C31A990231002AD90A /* CCHTTPRequest */ = {
			isa = PBXGroup;
			children = (
				4C67F3C81A990231002AD90A /* AppDelegate.h */,
				4C67F3C91A990231002AD90A /* AppDelegate.m */,
				4C67F3CB1A990231002AD90A /* ViewController.h */,
				4C67F3CC1A990231002AD90A /* ViewController.m */,
				4C67F3CE1A990231002AD90A /* Main.storyboard */,
				4C67F3D11A990231002AD90A /* Images.xcassets */,
				4C67F3D31A990231002AD90A /* LaunchScreen.xib */,
				4C67F3EA1A990664002AD90A /* Library */,
				4C67F3C41A990231002AD90A /* Supporting Files */,
			);
			path = CCHTTPRequest;
			sourceTree = "<group>";
		};
		4C67F3C41A990231002AD90A /* Supporting Files */ = {
			isa = PBXGroup;
			children = (
				4C67F3C51A990231002AD90A /* Info.plist */,
				4C67F3C61A990231002AD90A /* main.m */,
			);
			name = "Supporting Files";
			sourceTree = "<group>";
		};
		4C67F3DD1A990231002AD90A /* CCHTTPRequestTests */ = {
			isa = PBXGroup;
			children = (
				4C67F3E01A990231002AD90A /* CCHTTPRequestTests.m */,
				4C67F3DE1A990231002AD90A /* Supporting Files */,
			);
			path = CCHTTPRequestTests;
			sourceTree = "<group>";
		};
		4C67F3DE1A990231002AD90A /* Supporting Files */ = {
			isa = PBXGroup;
			children = (
				4C67F3DF1A990231002AD90A /* Info.plist */,
			);
			name = "Supporting Files";
			sourceTree = "<group>";
		};
		4C67F3EA1A990664002AD90A /* Library */ = {
			isa = PBXGroup;
			children = (
				4C67F3EB1A990664002AD90A /* CCHTTPRequest.h */,
				4C67F3EC1A990664002AD90A /* CCHTTPRequest.m */,
			);
			path = Library;
			sourceTree = "<group>";
		};
/* End PBXGroup section */

/* Begin PBXNativeTarget section */
		4C67F3C01A990231002AD90A /* CCHTTPRequest */ = {
			isa = PBXNativeTarget;
			buildConfigurationList = 4C67F3E41A990231002AD90A /* Build configuration list for PBXNativeTarget "CCHTTPRequest" */;
			buildPhases = (
				4C67F3BD1A990231002AD90A /* Sources */,
				4C67F3BE1A990231002AD90A /* Frameworks */,
				4C67F3BF1A990231002AD90A /* Resources */,
			);
			buildRules = (
			);
			dependencies = (
			);
			name = CCHTTPRequest;
			productName = CCHTTPRequest;
			productReference = 4C67F3C11A990231002AD90A /* CCHTTPRequest.app */;
			productType = "com.apple.product-type.application";
		};
		4C67F3D91A990231002AD90A /* CCHTTPRequestTests */ = {
			isa = PBXNativeTarget;
			buildConfigurationList = 4C67F3E71A990231002AD90A /* Build configuration list for PBXNativeTarget "CCHTTPRequestTests" */;
			buildPhases = (
				4C67F3D61A990231002AD90A /* Sources */,
				4C67F3D71A990231002AD90A /* Frameworks */,
				4C67F3D81A990231002AD90A /* Resources */,
			);
			buildRules = (
			);
			dependencies = (
				4C67F3DC1A990231002AD90A /* PBXTargetDependency */,
			);
			name = CCHTTPRequestTests;
			productName = CCHTTPRequestTests;
			productReference = 4C67F3DA1A990231002AD90A /* CCHTTPRequestTests.xctest */;
			productType = "com.apple.product-type.bundle.unit-test";
		};
/* End PBXNativeTarget section */

/* Begin PBXProject section */
		4C67F3B91A990231002AD90A /* Project object */ = {
			isa = PBXProject;
			attributes = {
				LastUpgradeCheck = 0610;
				ORGANIZATIONNAME = Cadet;
				TargetAttributes = {
					4C67F3C01A990231002AD90A = {
						CreatedOnToolsVersion = 6.1.1;
					};
					4C67F3D91A990231002AD90A = {
						CreatedOnToolsVersion = 6.1.1;
						TestTargetID = 4C67F3C01A990231002AD90A;
					};
				};
			};
			buildConfigurationList = 4C67F3BC1A990231002AD90A /* Build configuration list for PBXProject "CCHTTPRequest" */;
			compatibilityVersion = "Xcode 3.2";
			developmentRegion = English;
			hasScannedForEncodings = 0;
			knownRegions = (
				en,
				Base,
			);
			mainGroup = 4C67F3B81A990231002AD90A;
			productRefGroup = 4C67F3C21A990231002AD90A /* Products */;
			projectDirPath = "";
			projectRoot = "";
			targets = (
				4C67F3C01A990231002AD90A /* CCHTTPRequest */,
				4C67F3D91A990231002AD90A /* CCHTTPRequestTests */,
			);
		};
/* End PBXProject section */

/* Begin PBXResourcesBuildPhase section */
		4C67F3BF1A990231002AD90A /* Resources */ = {
			isa = PBXResourcesBuildPhase;
			buildActionMask = 2147483647;
			files = (
				4C67F3D01A990231002AD90A /* Main.storyboard in Resources */,
				4C67F3D51A990231002AD90A /* LaunchScreen.xib in Resources */,
				4C67F3D21A990231002AD90A /* Images.xcassets in Resources */,
			);
			runOnlyForDeploymentPostprocessing = 0;
		};
		4C67F3D81A990231002AD90A /* Resources */ = {
			isa = PBXResourcesBuildPhase;
			buildActionMask = 2147483647;
			files = (
			);
			runOnlyForDeploymentPostprocessing = 0;
		};
/* End PBXResourcesBuildPhase section */

/* Begin PBXSourcesBuildPhase section */
		4C67F3BD1A990231002AD90A /* Sources */ = {
			isa = PBXSourcesBuildPhase;
			buildActionMask = 2147483647;
			files = (
				4C67F3CD1A990231002AD90A /* ViewController.m in Sources */,
				4C67F3ED1A990664002AD90A /* CCHTTPRequest.m in Sources */,
				4C67F3CA1A990231002AD90A /* AppDelegate.m in Sources */,
				4C67F3C71A990231002AD90A /* main.m in Sources */,
			);
			runOnlyForDeploymentPostprocessing = 0;
		};
		4C67F3D61A990231002AD90A /* Sources */ = {
			isa = PBXSourcesBuildPhase;
			buildActionMask = 2147483647;
			files = (
				4C67F3E11A990231002AD90A /* CCHTTPRequestTests.m in Sources */,
			);
			runOnlyForDeploymentPostprocessing = 0;
		};
/* End PBXSourcesBuildPhase section */

/* Begin PBXTargetDependency section */
		4C67F3DC1A990231002AD90A /* PBXTargetDependency */ = {
			isa = PBXTargetDependency;
			target = 4C67F3C01A990231002AD90A /* CCHTTPRequest */;
			targetProxy = 4C67F3DB1A990231002AD90A /* PBXContainerItemProxy */;
		};
/* End PBXTargetDependency section */

/* Begin PBXVariantGroup section */
		4C67F3CE1A990231002AD90A /* Main.storyboard */ = {
			isa = PBXVariantGroup;
			children = (
				4C67F3CF1A990231002AD90A /* Base */,
			);
			name = Main.storyboard;
			sourceTree = "<group>";
		};
		4C67F3D31A990231002AD90A /* LaunchScreen.xib */ = {
			isa = PBXVariantGroup;
			children = (
				4C67F3D41A990231002AD90A /* Base */,
			);
			name = LaunchScreen.xib;
			sourceTree = "<group>";
		};
/* End PBXVariantGroup section */

/* Begin XCBuildConfiguration section */
		4C67F3E21A990231002AD90A /* Debug */ = {
			isa = XCBuildConfiguration;
			buildSettings = {
				ALWAYS_SEARCH_USER_PATHS = NO;
				CLANG_CXX_LANGUAGE_STANDARD = "gnu++0x";
				CLANG_CXX_LIBRARY = "libc++";
				CLANG_ENABLE_MODULES = YES;
				CLANG_ENABLE_OBJC_ARC = YES;
				CLANG_WARN_BOOL_CONVERSION = YES;
				CLANG_WARN_CONSTANT_CONVERSION = YES;
				CLANG_WARN_DIRECT_OBJC_ISA_USAGE = YES_ERROR;
				CLANG_WARN_EMPTY_BODY = YES;
				CLANG_WARN_ENUM_CONVERSION = YES;
				CLANG_WARN_INT_CONVERSION = YES;
				CLANG_WARN_OBJC_ROOT_CLASS = YES_ERROR;
				CLANG_WARN_UNREACHABLE_CODE = YES;
				CLANG_WARN__DUPLICATE_METHOD_MATCH = YES;
				"CODE_SIGN_IDENTITY[sdk=iphoneos*]" = "iPhone Developer";
				COPY_PHASE_STRIP = NO;
				ENABLE_STRICT_OBJC_MSGSEND = YES;
				GCC_C_LANGUAGE_STANDARD = gnu99;
				GCC_DYNAMIC_NO_PIC = NO;
				GCC_OPTIMIZATION_LEVEL = 0;
				GCC_PREPROCESSOR_DEFINITIONS = (
					"DEBUG=1",
					"$(inherited)",
				);
				GCC_SYMBOLS_PRIVATE_EXTERN = NO;
				GCC_WARN_64_TO_32_BIT_CONVERSION = YES;
				GCC_WARN_ABOUT_RETURN_TYPE = YES_ERROR;
				GCC_WARN_UNDECLARED_SELECTOR = YES;
				GCC_WARN_UNINITIALIZED_AUTOS = YES_AGGRESSIVE;
				GCC_WARN_UNUSED_FUNCTION = YES;
				GCC_WARN_UNUSED_VARIABLE = YES;
				IPHONEOS_DEPLOYMENT_TARGET = 8.1;
				MTL_ENABLE_DEBUG_INFO = YES;
				ONLY_ACTIVE_ARCH = YES;
				SDKROOT = iphoneos;
				TARGETED_DEVICE_FAMILY = "1,2";
			};
			name = Debug;
		};
		4C67F3E31A990231002AD90A /* Release */ = {
			isa = XCBuildConfiguration;
			buildSettings = {
				ALWAYS_SEARCH_USER_PATHS = NO;
				CLANG_CXX_LANGUAGE_STANDARD = "gnu++0x";
				CLANG_CXX_LIBRARY = "libc++";
				CLANG_ENABLE_MODULES = YES;
				CLANG_ENABLE_OBJC_ARC = YES;
				CLANG_WARN_BOOL_CONVERSION = YES;
				CLANG_WARN_CONSTANT_CONVERSION = YES;
				CLANG_WARN_DIRECT_OBJC_ISA_USAGE = YES_ERROR;
				CLANG_WARN_EMPTY_BODY = YES;
				CLANG_WARN_ENUM_CONVERSION = YES;
				CLANG_WARN_INT_CONVERSION = YES;
				CLANG_WARN_OBJC_ROOT_CLASS = YES_ERROR;
				CLANG_WARN_UNREACHABLE_CODE = YES;
				CLANG_WARN__DUPLICATE_METHOD_MATCH = YES;
				"CODE_SIGN_IDENTITY[sdk=iphoneos*]" = "iPhone Developer";
				COPY_PHASE_STRIP = YES;
				ENABLE_NS_ASSERTIONS = NO;
				ENABLE_STRICT_OBJC_MSGSEND = YES;
				GCC_C_LANGUAGE_STANDARD = gnu99;
				GCC_WARN_64_TO_32_BIT_CONVERSION = YES;
				GCC_WARN_ABOUT_RETURN_TYPE = YES_ERROR;
				GCC_WARN_UNDECLARED_SELECTOR = YES;
				GCC_WARN_UNINITIALIZED_AUTOS = YES_AGGRESSIVE;
				GCC_WARN_UNUSED_FUNCTION = YES;
				GCC_WARN_UNUSED_VARIABLE = YES;
				IPHONEOS_DEPLOYMENT_TARGET = 8.1;
				MTL_ENABLE_DEBUG_INFO = NO;
				SDKROOT = iphoneos;
				TARGETED_DEVICE_FAMILY = "1,2";
				VALIDATE_PRODUCT = YES;
			};
			name = Release;
		};
		4C67F3E51A990231002AD90A /* Debug */ = {
			isa = XCBuildConfiguration;
			buildSettings = {
				ASSETCATALOG_COMPILER_APPICON_NAME = AppIcon;
				INFOPLIST_FILE = CCHTTPRequest/Info.plist;
				LD_RUNPATH_SEARCH_PATHS = "$(inherited) @executable_path/Frameworks";
				PRODUCT_NAME = "$(TARGET_NAME)";
			};
			name = Debug;
		};
		4C67F3E61A990231002AD90A /* Release */ = {
			isa = XCBuildConfiguration;
			buildSettings = {
				ASSETCATALOG_COMPILER_APPICON_NAME = AppIcon;
				INFOPLIST_FILE = CCHTTPRequest/Info.plist;
				LD_RUNPATH_SEARCH_PATHS = "$(inherited) @executable_path/Frameworks";
				PRODUCT_NAME = "$(TARGET_NAME)";
			};
			name = Release;
		};
		4C67F3E81A990231002AD90A /* Debug */ = {
			isa = XCBuildConfiguration;
			buildSettings = {
				BUNDLE_LOADER = "$(TEST_HOST)";
				FRAMEWORK_SEARCH_PATHS = (
					"$(SDKROOT)/Developer/Library/Frameworks",
					"$(inherited)",
				);
				GCC_PREPROCESSOR_DEFINITIONS = (
					"DEBUG=1",
					"$(inherited)",
				);
				INFOPLIST_FILE = CCHTTPRequestTests/Info.plist;
				LD_RUNPATH_SEARCH_PATHS = "$(inherited) @executable_path/Frameworks @loader_path/Frameworks";
				PRODUCT_NAME = "$(TARGET_NAME)";
				TEST_HOST = "$(BUILT_PRODUCTS_DIR)/CCHTTPRequest.app/CCHTTPRequest";
			};
			name = Debug;
		};
		4C67F3E91A990231002AD90A /* Release */ = {
			isa = XCBuildConfiguration;
			buildSettings = {
				BUNDLE_LOADER = "$(TEST_HOST)";
				FRAMEWORK_SEARCH_PATHS = (
					"$(SDKROOT)/Developer/Library/Frameworks",
					"$(inherited)",
				);
				INFOPLIST_FILE = CCHTTPRequestTests/Info.plist;
				LD_RUNPATH_SEARCH_PATHS = "$(inherited) @executable_path/Frameworks @loader_path/Frameworks";
				PRODUCT_NAME = "$(TARGET_NAME)";
				TEST_HOST = "$(BUILT_PRODUCTS_DIR)/CCHTTPRequest.app/CCHTTPRequest";
			};
			name = Release;
		};
/* End XCBuildConfiguration section */

/* Begin XCConfigurationList section */
		4C67F3BC1A990231002AD90A /* Build configuration list for PBXProject "CCHTTPRequest" */ = {
			isa = XCConfigurationList;
			buildConfigurations = (
				4C67F3E21A990231002AD90A /* Debug */,
				4C67F3E31A990231002AD90A /* Release */,
			);
			defaultConfigurationIsVisible = 0;
			defaultConfigurationName = Release;
		};
		4C67F3E41A990231002AD90A /* Build configuration list for PBXNativeTarget "CCHTTPRequest" */ = {
			isa = XCConfigurationList;
			buildConfigurations = (
				4C67F3E51A990231002AD90A /* Debug */,
				4C67F3E61A990231002AD90A /* Release */,
			);
			defaultConfigurationIsVisible = 0;
			defaultConfigurationName = Release;
		};
		4C67F3E71A990231002AD90A /* Build configuration list for PBXNativeTarget "CCHTTPRequestTests" */ = {
			isa = XCConfigurationList;
			buildConfigurations = (
				4C67F3E81A990231002AD90A /* Debug */,
				4C67F3E91A990231002AD90A /* Release */,
			);
			defaultConfigurationIsVisible = 0;
			defaultConfigurationName = Release;
		};
/* End XCConfigurationList section */
	};
	rootObject = 4C67F3B91A990231002AD90A /* Project object */;
}
